
Microsoft Visual Studio Solution File, Format Version 12.00
# Visual Studio Version 16
VisualStudioVersion = 16.0.29519.181
MinimumVisualStudioVersion = 10.0.40219.1
Project("{FAE04EC0-301F-11D3-BF4B-00C04F79EFBC}") = "Checkout.Integration", "Checkout2Integration\Checkout.Integration.csproj", "{DA5D55E5-45F1-48AB-95BF-99AF0104D523}"
EndProject
Project("{FAE04EC0-301F-11D3-BF4B-00C04F79EFBC}") = "Checkout.Integration.Test", "Checkout.Integration.Test\Checkout.Integration.Test.csproj", "{B9DDCBA7-C317-41ED-BAF2-45A0F32158B1}"
EndProject
Global
	GlobalSection(SolutionConfigurationPlatforms) = preSolution
		Debug|Any CPU = Debug|Any CPU
		Release|Any CPU = Release|Any CPU
	EndGlobalSection
	GlobalSection(ProjectConfigurationPlatforms) = postSolution
		{DA5D55E5-45F1-48AB-95BF-99AF0104D523}.Debug|Any CPU.ActiveCfg = Debug|Any CPU
		{DA5D55E5-45F1-48AB-95BF-99AF0104D523}.Debug|Any CPU.Build.0 = Debug|Any CPU
		{DA5D55E5-45F1-48AB-95BF-99AF0104D523}.Release|Any CPU.ActiveCfg = Release|Any CPU
		{DA5D55E5-45F1-48AB-95BF-99AF0104D523}.Release|Any CPU.Build.0 = Release|Any CPU
		{B9DDCBA7-C317-41ED-BAF2-45A0F32158B1}.Debug|Any CPU.ActiveCfg = Debug|Any CPU
		{B9DDCBA7-C317-41ED-BAF2-45A0F32158B1}.Debug|Any CPU.Build.0 = Debug|Any CPU
		{B9DDCBA7-C317-41ED-BAF2-45A0F32158B1}.Release|Any CPU.ActiveCfg = Release|Any CPU
		{B9DDCBA7-C317-41ED-BAF2-45A0F32158B1}.Release|Any CPU.Build.0 = Release|Any CPU
	EndGlobalSection
	GlobalSection(SolutionProperties) = preSolution
		HideSolutionNode = FALSE
	EndGlobalSection
	GlobalSection(ExtensibilityGlobals) = postSolution
		SolutionGuid = {92792EC2-851B-48CD-B006-A29465BA4250}
	EndGlobalSection
EndGlobal
